// !$*UTF8*$!
{
	archiveVersion = 1;
	classes = {
	};
	objectVersion = 56;
	objects = {

/* Begin PBXBuildFile section */
		F5F712622B2FB20500F3A028 /* RegistrationDemoApp.swift in Sources */ = {isa = PBXBuildFile; fileRef = F5F712612B2FB20500F3A028 /* RegistrationDemoApp.swift */; };
		F5F712642B2FB20500F3A028 /* ContentView.swift in Sources */ = {isa = PBXBuildFile; fileRef = F5F712632B2FB20500F3A028 /* ContentView.swift */; };
		F5F712662B2FB20500F3A028 /* Assets.xcassets in Resources */ = {isa = PBXBuildFile; fileRef = F5F712652B2FB20500F3A028 /* Assets.xcassets */; };
		F5F712692B2FB20500F3A028 /* Preview Assets.xcassets in Resources */ = {isa = PBXBuildFile; fileRef = F5F712682B2FB20500F3A028 /* Preview Assets.xcassets */; };
		F5F712732B2FB20500F3A028 /* RegistrationDemoTests.swift in Sources */ = {isa = PBXBuildFile; fileRef = F5F712722B2FB20500F3A028 /* RegistrationDemoTests.swift */; };
		F5F7127D2B2FB20500F3A028 /* RegistrationDemoUITests.swift in Sources */ = {isa = PBXBuildFile; fileRef = F5F7127C2B2FB20500F3A028 /* RegistrationDemoUITests.swift */; };
		F5F7127F2B2FB20500F3A028 /* RegistrationDemoUITestsLaunchTests.swift in Sources */ = {isa = PBXBuildFile; fileRef = F5F7127E2B2FB20500F3A028 /* RegistrationDemoUITestsLaunchTests.swift */; };
/* End PBXBuildFile section */

/* Begin PBXContainerItemProxy section */
		F5F7126F2B2FB20500F3A028 /* PBXContainerItemProxy */ = {
			isa = PBXContainerItemProxy;
			containerPortal = F5F712562B2FB20500F3A028 /* Project object */;
			proxyType = 1;
			remoteGlobalIDString = F5F7125D2B2FB20500F3A028;
			remoteInfo = RegistrationDemo;
		};
		F5F712792B2FB20500F3A028 /* PBXContainerItemProxy */ = {
			isa = PBXContainerItemProxy;
			containerPortal = F5F712562B2FB20500F3A028 /* Project object */;
			proxyType = 1;
			remoteGlobalIDString = F5F7125D2B2FB20500F3A028;
			remoteInfo = RegistrationDemo;
		};
/* End PBXContainerItemProxy section */

/* Begin PBXFileReference section */
		F5F7125E2B2FB20500F3A028 /* RegistrationDemo.app */ = {isa = PBXFileReference; explicitFileType = wrapper.application; includeInIndex = 0; path = RegistrationDemo.app; sourceTree = BUILT_PRODUCTS_DIR; };
		F5F712612B2FB20500F3A028 /* RegistrationDemoApp.swift */ = {isa = PBXFileReference; lastKnownFileType = sourcecode.swift; path = RegistrationDemoApp.swift; sourceTree = "<group>"; };
		F5F712632B2FB20500F3A028 /* ContentView.swift */ = {isa = PBXFileReference; lastKnownFileType = sourcecode.swift; path = ContentView.swift; sourceTree = "<group>"; };
		F5F712652B2FB20500F3A028 /* Assets.xcassets */ = {isa = PBXFileReference; lastKnownFileType = folder.assetcatalog; path = Assets.xcassets; sourceTree = "<group>"; };
		F5F712682B2FB20500F3A028 /* Preview Assets.xcassets */ = {isa = PBXFileReference; lastKnownFileType = folder.assetcatalog; path = "Preview Assets.xcassets"; sourceTree = "<group>"; };
		F5F7126E2B2FB20500F3A028 /* RegistrationDemoTests.xctest */ = {isa = PBXFileReference; explicitFileType = wrapper.cfbundle; includeInIndex = 0; path = RegistrationDemoTests.xctest; sourceTree = BUILT_PRODUCTS_DIR; };
		F5F712722B2FB20500F3A028 /* RegistrationDemoTests.swift */ = {isa = PBXFileReference; lastKnownFileType = sourcecode.swift; path = RegistrationDemoTests.swift; sourceTree = "<group>"; };
		F5F712782B2FB20500F3A028 /* RegistrationDemoUITests.xctest */ = {isa = PBXFileReference; explicitFileType = wrapper.cfbundle; includeInIndex = 0; path = RegistrationDemoUITests.xctest; sourceTree = BUILT_PRODUCTS_DIR; };
		F5F7127C2B2FB20500F3A028 /* RegistrationDemoUITests.swift */ = {isa = PBXFileReference; lastKnownFileType = sourcecode.swift; path = RegistrationDemoUITests.swift; sourceTree = "<group>"; };
		F5F7127E2B2FB20500F3A028 /* RegistrationDemoUITestsLaunchTests.swift */ = {isa = PBXFileReference; lastKnownFileType = sourcecode.swift; path = RegistrationDemoUITestsLaunchTests.swift; sourceTree = "<group>"; };
/* End PBXFileReference section */

/* Begin PBXFrameworksBuildPhase section */
		F5F7125B2B2FB20500F3A028 /* Frameworks */ = {
			isa = PBXFrameworksBuildPhase;
			buildActionMask = 2147483647;
			files = (
			);
			runOnlyForDeploymentPostprocessing = 0;
		};
		F5F7126B2B2FB20500F3A028 /* Frameworks */ = {
			isa = PBXFrameworksBuildPhase;
			buildActionMask = 2147483647;
			files = (
			);
			runOnlyForDeploymentPostprocessing = 0;
		};
		F5F712752B2FB20500F3A028 /* Frameworks */ = {
			isa = PBXFrameworksBuildPhase;
			buildActionMask = 2147483647;
			files = (
			);
			runOnlyForDeploymentPostprocessing = 0;
		};
/* End PBXFrameworksBuildPhase section */

/* Begin PBXGroup section */
		F5F712552B2FB20500F3A028 = {
			isa = PBXGroup;
			children = (
				F5F712602B2FB20500F3A028 /* RegistrationDemo */,
				F5F712712B2FB20500F3A028 /* RegistrationDemoTests */,
				F5F7127B2B2FB20500F3A028 /* RegistrationDemoUITests */,
				F5F7125F2B2FB20500F3A028 /* Products */,
			);
			sourceTree = "<group>";
		};
		F5F7125F2B2FB20500F3A028 /* Products */ = {
			isa = PBXGroup;
			children = (
				F5F7125E2B2FB20500F3A028 /* RegistrationDemo.app */,
				F5F7126E2B2FB20500F3A028 /* RegistrationDemoTests.xctest */,
				F5F712782B2FB20500F3A028 /* RegistrationDemoUITests.xctest */,
			);
			name = Products;
			sourceTree = "<group>";
		};
		F5F712602B2FB20500F3A028 /* RegistrationDemo */ = {
			isa = PBXGroup;
			children = (
				F5F712612B2FB20500F3A028 /* RegistrationDemoApp.swift */,
				F5F712632B2FB20500F3A028 /* ContentView.swift */,
				F5F712652B2FB20500F3A028 /* Assets.xcassets */,
				F5F712672B2FB20500F3A028 /* Preview Content */,
			);
			path = RegistrationDemo;
			sourceTree = "<group>";
		};
		F5F712672B2FB20500F3A028 /* Preview Content */ = {
			isa = PBXGroup;
			children = (
				F5F712682B2FB20500F3A028 /* Preview Assets.xcassets */,
			);
			path = "Preview Content";
			sourceTree = "<group>";
		};
		F5F712712B2FB20500F3A028 /* RegistrationDemoTests */ = {
			isa = PBXGroup;
			children = (
				F5F712722B2FB20500F3A028 /* RegistrationDemoTests.swift */,
			);
			path = RegistrationDemoTests;
			sourceTree = "<group>";
		};
		F5F7127B2B2FB20500F3A028 /* RegistrationDemoUITests */ = {
			isa = PBXGroup;
			children = (
				F5F7127C2B2FB20500F3A028 /* RegistrationDemoUITests.swift */,
				F5F7127E2B2FB20500F3A028 /* RegistrationDemoUITestsLaunchTests.swift */,
			);
			path = RegistrationDemoUITests;
			sourceTree = "<group>";
		};
/* End PBXGroup section */

/* Begin PBXNativeTarget section */
		F5F7125D2B2FB20500F3A028 /* RegistrationDemo */ = {
			isa = PBXNativeTarget;
			buildConfigurationList = F5F712822B2FB20500F3A028 /* Build configuration list for PBXNativeTarget "RegistrationDemo" */;
			buildPhases = (
				F5F7125A2B2FB20500F3A028 /* Sources */,
				F5F7125B2B2FB20500F3A028 /* Frameworks */,
				F5F7125C2B2FB20500F3A028 /* Resources */,
			);
			buildRules = (
			);
			dependencies = (
			);
			name = RegistrationDemo;
			productName = RegistrationDemo;
			productReference = F5F7125E2B2FB20500F3A028 /* RegistrationDemo.app */;
			productType = "com.apple.product-type.application";
		};
		F5F7126D2B2FB20500F3A028 /* RegistrationDemoTests */ = {
			isa = PBXNativeTarget;
			buildConfigurationList = F5F712852B2FB20500F3A028 /* Build configuration list for PBXNativeTarget "RegistrationDemoTests" */;
			buildPhases = (
				F5F7126A2B2FB20500F3A028 /* Sources */,
				F5F7126B2B2FB20500F3A028 /* Frameworks */,
				F5F7126C2B2FB20500F3A028 /* Resources */,
			);
			buildRules = (
			);
			dependencies = (
				F5F712702B2FB20500F3A028 /* PBXTargetDependency */,
			);
			name = RegistrationDemoTests;
			productName = RegistrationDemoTests;
			productReference = F5F7126E2B2FB20500F3A028 /* RegistrationDemoTests.xctest */;
			productType = "com.apple.product-type.bundle.unit-test";
		};
		F5F712772B2FB20500F3A028 /* RegistrationDemoUITests */ = {
			isa = PBXNativeTarget;
			buildConfigurationList = F5F712882B2FB20500F3A028 /* Build configuration list for PBXNativeTarget "RegistrationDemoUITests" */;
			buildPhases = (
				F5F712742B2FB20500F3A028 /* Sources */,
				F5F712752B2FB20500F3A028 /* Frameworks */,
				F5F712762B2FB20500F3A028 /* Resources */,
			);
			buildRules = (
			);
			dependencies = (
				F5F7127A2B2FB20500F3A028 /* PBXTargetDependency */,
			);
			name = RegistrationDemoUITests;
			productName = RegistrationDemoUITests;
			productReference = F5F712782B2FB20500F3A028 /* RegistrationDemoUITests.xctest */;
			productType = "com.apple.product-type.bundle.ui-testing";
		};
/* End PBXNativeTarget section */

/* Begin PBXProject section */
		F5F712562B2FB20500F3A028 /* Project object */ = {
			isa = PBXProject;
			attributes = {
				BuildIndependentTargetsInParallel = 1;
				LastSwiftUpdateCheck = 1430;
				LastUpgradeCheck = 1430;
				TargetAttributes = {
					F5F7125D2B2FB20500F3A028 = {
						CreatedOnToolsVersion = 14.3.1;
					};
					F5F7126D2B2FB20500F3A028 = {
						CreatedOnToolsVersion = 14.3.1;
						TestTargetID = F5F7125D2B2FB20500F3A028;
					};
					F5F712772B2FB20500F3A028 = {
						CreatedOnToolsVersion = 14.3.1;
						TestTargetID = F5F7125D2B2FB20500F3A028;
					};
				};
			};
			buildConfigurationList = F5F712592B2FB20500F3A028 /* Build configuration list for PBXProject "RegistrationDemo" */;
			compatibilityVersion = "Xcode 14.0";
			developmentRegion = en;
			hasScannedForEncodings = 0;
			knownRegions = (
				en,
				Base,
			);
			mainGroup = F5F712552B2FB20500F3A028;
			productRefGroup = F5F7125F2B2FB20500F3A028 /* Products */;
			projectDirPath = "";
			projectRoot = "";
			targets = (
				F5F7125D2B2FB20500F3A028 /* RegistrationDemo */,
				F5F7126D2B2FB20500F3A028 /* RegistrationDemoTests */,
				F5F712772B2FB20500F3A028 /* RegistrationDemoUITests */,
			);
		};
/* End PBXProject section */

/* Begin PBXResourcesBuildPhase section */
		F5F7125C2B2FB20500F3A028 /* Resources */ = {
			isa = PBXResourcesBuildPhase;
			buildActionMask = 2147483647;
			files = (
				F5F712692B2FB20500F3A028 /* Preview Assets.xcassets in Resources */,
				F5F712662B2FB20500F3A028 /* Assets.xcassets in Resources */,
			);
			runOnlyForDeploymentPostprocessing = 0;
		};
		F5F7126C2B2FB20500F3A028 /* Resources */ = {
			isa = PBXResourcesBuildPhase;
			buildActionMask = 2147483647;
			files = (
			);
			runOnlyForDeploymentPostprocessing = 0;
		};
		F5F712762B2FB20500F3A028 /* Resources */ = {
			isa = PBXResourcesBuildPhase;
			buildActionMask = 2147483647;
			files = (
			);
			runOnlyForDeploymentPostprocessing = 0;
		};
/* End PBXResourcesBuildPhase section */

/* Begin PBXSourcesBuildPhase section */
		F5F7125A2B2FB20500F3A028 /* Sources */ = {
			isa = PBXSourcesBuildPhase;
			buildActionMask = 2147483647;
			files = (
				F5F712642B2FB20500F3A028 /* ContentView.swift in Sources */,
				F5F712622B2FB20500F3A028 /* RegistrationDemoApp.swift in Sources */,
			);
			runOnlyForDeploymentPostprocessing = 0;
		};
		F5F7126A2B2FB20500F3A028 /* Sources */ = {
			isa = PBXSourcesBuildPhase;
			buildActionMask = 2147483647;
			files = (
				F5F712732B2FB20500F3A028 /* RegistrationDemoTests.swift in Sources */,
			);
			runOnlyForDeploymentPostprocessing = 0;
		};
		F5F712742B2FB20500F3A028 /* Sources */ = {
			isa = PBXSourcesBuildPhase;
			buildActionMask = 2147483647;
			files = (
				F5F7127F2B2FB20500F3A028 /* RegistrationDemoUITestsLaunchTests.swift in Sources */,
				F5F7127D2B2FB20500F3A028 /* RegistrationDemoUITests.swift in Sources */,
			);
			runOnlyForDeploymentPostprocessing = 0;
		};
/* End PBXSourcesBuildPhase section */

/* Begin PBXTargetDependency section */
		F5F712702B2FB20500F3A028 /* PBXTargetDependency */ = {
			isa = PBXTargetDependency;
			target = F5F7125D2B2FB20500F3A028 /* RegistrationDemo */;
			targetProxy = F5F7126F2B2FB20500F3A028 /* PBXContainerItemProxy */;
		};
		F5F7127A2B2FB20500F3A028 /* PBXTargetDependency */ = {
			isa = PBXTargetDependency;
			target = F5F7125D2B2FB20500F3A028 /* RegistrationDemo */;
			targetProxy = F5F712792B2FB20500F3A028 /* PBXContainerItemProxy */;
		};
/* End PBXTargetDependency section */

/* Begin XCBuildConfiguration section */
		F5F712802B2FB20500F3A028 /* Debug */ = {
			isa = XCBuildConfiguration;
			buildSettings = {
				ALWAYS_SEARCH_USER_PATHS = NO;
				CLANG_ANALYZER_NONNULL = YES;
				CLANG_ANALYZER_NUMBER_OBJECT_CONVERSION = YES_AGGRESSIVE;
				CLANG_CXX_LANGUAGE_STANDARD = "gnu++20";
				CLANG_ENABLE_MODULES = YES;
				CLANG_ENABLE_OBJC_ARC = YES;
				CLANG_ENABLE_OBJC_WEAK = YES;
				CLANG_WARN_BLOCK_CAPTURE_AUTORELEASING = YES;
				CLANG_WARN_BOOL_CONVERSION = YES;
				CLANG_WARN_COMMA = YES;
				CLANG_WARN_CONSTANT_CONVERSION = YES;
				CLANG_WARN_DEPRECATED_OBJC_IMPLEMENTATIONS = YES;
				CLANG_WARN_DIRECT_OBJC_ISA_USAGE = YES_ERROR;
				CLANG_WARN_DOCUMENTATION_COMMENTS = YES;
				CLANG_WARN_EMPTY_BODY = YES;
				CLANG_WARN_ENUM_CONVERSION = YES;
				CLANG_WARN_INFINITE_RECURSION = YES;
				CLANG_WARN_INT_CONVERSION = YES;
				CLANG_WARN_NON_LITERAL_NULL_CONVERSION = YES;
				CLANG_WARN_OBJC_IMPLICIT_RETAIN_SELF = YES;
				CLANG_WARN_OBJC_LITERAL_CONVERSION = YES;
				CLANG_WARN_OBJC_ROOT_CLASS = YES_ERROR;
				CLANG_WARN_QUOTED_INCLUDE_IN_FRAMEWORK_HEADER = YES;
				CLANG_WARN_RANGE_LOOP_ANALYSIS = YES;
				CLANG_WARN_STRICT_PROTOTYPES = YES;
				CLANG_WARN_SUSPICIOUS_MOVE = YES;
				CLANG_WARN_UNGUARDED_AVAILABILITY = YES_AGGRESSIVE;
				CLANG_WARN_UNREACHABLE_CODE = YES;
				CLANG_WARN__DUPLICATE_METHOD_MATCH = YES;
				COPY_PHASE_STRIP = NO;
				DEBUG_INFORMATION_FORMAT = dwarf;
				ENABLE_STRICT_OBJC_MSGSEND = YES;
				ENABLE_TESTABILITY = YES;
				GCC_C_LANGUAGE_STANDARD = gnu11;
				GCC_DYNAMIC_NO_PIC = NO;
				GCC_NO_COMMON_BLOCKS = YES;
				GCC_OPTIMIZATION_LEVEL = 0;
				GCC_PREPROCESSOR_DEFINITIONS = (
					"DEBUG=1",
					"$(inherited)",
				);
				GCC_WARN_64_TO_32_BIT_CONVERSION = YES;
				GCC_WARN_ABOUT_RETURN_TYPE = YES_ERROR;
				GCC_WARN_UNDECLARED_SELECTOR = YES;
				GCC_WARN_UNINITIALIZED_AUTOS = YES_AGGRESSIVE;
				GCC_WARN_UNUSED_FUNCTION = YES;
				GCC_WARN_UNUSED_VARIABLE = YES;
				IPHONEOS_DEPLOYMENT_TARGET = 16.4;
				MTL_ENABLE_DEBUG_INFO = INCLUDE_SOURCE;
				MTL_FAST_MATH = YES;
				ONLY_ACTIVE_ARCH = YES;
				SDKROOT = iphoneos;
				SWIFT_ACTIVE_COMPILATION_CONDITIONS = DEBUG;
				SWIFT_OPTIMIZATION_LEVEL = "-Onone";
			};
			name = Debug;
		};
		F5F712812B2FB20500F3A028 /* Release */ = {
			isa = XCBuildConfiguration;
			buildSettings = {
				ALWAYS_SEARCH_USER_PATHS = NO;
				CLANG_ANALYZER_NONNULL = YES;
				CLANG_ANALYZER_NUMBER_OBJECT_CONVERSION = YES_AGGRESSIVE;
				CLANG_CXX_LANGUAGE_STANDARD = "gnu++20";
				CLANG_ENABLE_MODULES = YES;
				CLANG_ENABLE_OBJC_ARC = YES;
				CLANG_ENABLE_OBJC_WEAK = YES;
				CLANG_WARN_BLOCK_CAPTURE_AUTORELEASING = YES;
				CLANG_WARN_BOOL_CONVERSION = YES;
				CLANG_WARN_COMMA = YES;
				CLANG_WARN_CONSTANT_CONVERSION = YES;
				CLANG_WARN_DEPRECATED_OBJC_IMPLEMENTATIONS = YES;
				CLANG_WARN_DIRECT_OBJC_ISA_USAGE = YES_ERROR;
				CLANG_WARN_DOCUMENTATION_COMMENTS = YES;
				CLANG_WARN_EMPTY_BODY = YES;
				CLANG_WARN_ENUM_CONVERSION = YES;
				CLANG_WARN_INFINITE_RECURSION = YES;
				CLANG_WARN_INT_CONVERSION = YES;
				CLANG_WARN_NON_LITERAL_NULL_CONVERSION = YES;
				CLANG_WARN_OBJC_IMPLICIT_RETAIN_SELF = YES;
				CLANG_WARN_OBJC_LITERAL_CONVERSION = YES;
				CLANG_WARN_OBJC_ROOT_CLASS = YES_ERROR;
				CLANG_WARN_QUOTED_INCLUDE_IN_FRAMEWORK_HEADER = YES;
				CLANG_WARN_RANGE_LOOP_ANALYSIS = YES;
				CLANG_WARN_STRICT_PROTOTYPES = YES;
				CLANG_WARN_SUSPICIOUS_MOVE = YES;
				CLANG_WARN_UNGUARDED_AVAILABILITY = YES_AGGRESSIVE;
				CLANG_WARN_UNREACHABLE_CODE = YES;
				CLANG_WARN__DUPLICATE_METHOD_MATCH = YES;
				COPY_PHASE_STRIP = NO;
				DEBUG_INFORMATION_FORMAT = "dwarf-with-dsym";
				ENABLE_NS_ASSERTIONS = NO;
				ENABLE_STRICT_OBJC_MSGSEND = YES;
				GCC_C_LANGUAGE_STANDARD = gnu11;
				GCC_NO_COMMON_BLOCKS = YES;
				GCC_WARN_64_TO_32_BIT_CONVERSION = YES;
				GCC_WARN_ABOUT_RETURN_TYPE = YES_ERROR;
				GCC_WARN_UNDECLARED_SELECTOR = YES;
				GCC_WARN_UNINITIALIZED_AUTOS = YES_AGGRESSIVE;
				GCC_WARN_UNUSED_FUNCTION = YES;
				GCC_WARN_UNUSED_VARIABLE = YES;
				IPHONEOS_DEPLOYMENT_TARGET = 16.4;
				MTL_ENABLE_DEBUG_INFO = NO;
				MTL_FAST_MATH = YES;
				SDKROOT = iphoneos;
				SWIFT_COMPILATION_MODE = wholemodule;
				SWIFT_OPTIMIZATION_LEVEL = "-O";
				VALIDATE_PRODUCT = YES;
			};
			name = Release;
		};
		F5F712832B2FB20500F3A028 /* Debug */ = {
			isa = XCBuildConfiguration;
			buildSettings = {
				ASSETCATALOG_COMPILER_APPICON_NAME = AppIcon;
				ASSETCATALOG_COMPILER_GLOBAL_ACCENT_COLOR_NAME = AccentColor;
				CODE_SIGN_STYLE = Automatic;
				CURRENT_PROJECT_VERSION = 1;
				DEVELOPMENT_ASSET_PATHS = "\"RegistrationDemo/Preview Content\"";
				DEVELOPMENT_TEAM = 8HY88RN47W;
				ENABLE_PREVIEWS = YES;
				GENERATE_INFOPLIST_FILE = YES;
				INFOPLIST_KEY_UIApplicationSceneManifest_Generation = YES;
				INFOPLIST_KEY_UIApplicationSupportsIndirectInputEvents = YES;
				INFOPLIST_KEY_UILaunchScreen_Generation = YES;
				INFOPLIST_KEY_UISupportedInterfaceOrientations_iPad = "UIInterfaceOrientationPortrait UIInterfaceOrientationPortraitUpsideDown UIInterfaceOrientationLandscapeLeft UIInterfaceOrientationLandscapeRight";
				INFOPLIST_KEY_UISupportedInterfaceOrientations_iPhone = "UIInterfaceOrientationPortrait UIInterfaceOrientationLandscapeLeft UIInterfaceOrientationLandscapeRight";
				LD_RUNPATH_SEARCH_PATHS = (
					"$(inherited)",
					"@executable_path/Frameworks",
				);
				MARKETING_VERSION = 1.0;
				PRODUCT_BUNDLE_IDENTIFIER = com.gregorhofmann.RegistrationDemo;
				PRODUCT_NAME = "$(TARGET_NAME)";
				SWIFT_EMIT_LOC_STRINGS = YES;
				SWIFT_VERSION = 5.0;
				TARGETED_DEVICE_FAMILY = "1,2";
			};
			name = Debug;
		};
		F5F712842B2FB20500F3A028 /* Release */ = {
			isa = XCBuildConfiguration;
			buildSettings = {
				ASSETCATALOG_COMPILER_APPICON_NAME = AppIcon;
				ASSETCATALOG_COMPILER_GLOBAL_ACCENT_COLOR_NAME = AccentColor;
				CODE_SIGN_STYLE = Automatic;
				CURRENT_PROJECT_VERSION = 1;
				DEVELOPMENT_ASSET_PATHS = "\"RegistrationDemo/Preview Content\"";
				DEVELOPMENT_TEAM = 8HY88RN47W;
				ENABLE_PREVIEWS = YES;
				GENERATE_INFOPLIST_FILE = YES;
				INFOPLIST_KEY_UIApplicationSceneManifest_Generation = YES;
				INFOPLIST_KEY_UIApplicationSupportsIndirectInputEvents = YES;
				INFOPLIST_KEY_UILaunchScreen_Generation = YES;
				INFOPLIST_KEY_UISupportedInterfaceOrientations_iPad = "UIInterfaceOrientationPortrait UIInterfaceOrientationPortraitUpsideDown UIInterfaceOrientationLandscapeLeft UIInterfaceOrientationLandscapeRight";
				INFOPLIST_KEY_UISupportedInterfaceOrientations_iPhone = "UIInterfaceOrientationPortrait UIInterfaceOrientationLandscapeLeft UIInterfaceOrientationLandscapeRight";
				LD_RUNPATH_SEARCH_PATHS = (
					"$(inherited)",
					"@executable_path/Frameworks",
				);
				MARKETING_VERSION = 1.0;
				PRODUCT_BUNDLE_IDENTIFIER = com.gregorhofmann.RegistrationDemo;
				PRODUCT_NAME = "$(TARGET_NAME)";
				SWIFT_EMIT_LOC_STRINGS = YES;
				SWIFT_VERSION = 5.0;
				TARGETED_DEVICE_FAMILY = "1,2";
			};
			name = Release;
		};
		F5F712862B2FB20500F3A028 /* Debug */ = {
			isa = XCBuildConfiguration;
			buildSettings = {
				ALWAYS_EMBED_SWIFT_STANDARD_LIBRARIES = YES;
				BUNDLE_LOADER = "$(TEST_HOST)";
				CODE_SIGN_STYLE = Automatic;
				CURRENT_PROJECT_VERSION = 1;
				DEVELOPMENT_TEAM = 8HY88RN47W;
				GENERATE_INFOPLIST_FILE = YES;
				IPHONEOS_DEPLOYMENT_TARGET = 16.4;
				MARKETING_VERSION = 1.0;
				PRODUCT_BUNDLE_IDENTIFIER = com.gregorhofmann.RegistrationDemoTests;
				PRODUCT_NAME = "$(TARGET_NAME)";
				SWIFT_EMIT_LOC_STRINGS = NO;
				SWIFT_VERSION = 5.0;
				TARGETED_DEVICE_FAMILY = "1,2";
				TEST_HOST = "$(BUILT_PRODUCTS_DIR)/RegistrationDemo.app/$(BUNDLE_EXECUTABLE_FOLDER_PATH)/RegistrationDemo";
			};
			name = Debug;
		};
		F5F712872B2FB20500F3A028 /* Release */ = {
			isa = XCBuildConfiguration;
			buildSettings = {
				ALWAYS_EMBED_SWIFT_STANDARD_LIBRARIES = YES;
				BUNDLE_LOADER = "$(TEST_HOST)";
				CODE_SIGN_STYLE = Automatic;
				CURRENT_PROJECT_VERSION = 1;
				DEVELOPMENT_TEAM = 8HY88RN47W;
				GENERATE_INFOPLIST_FILE = YES;
				IPHONEOS_DEPLOYMENT_TARGET = 16.4;
				MARKETING_VERSION = 1.0;
				PRODUCT_BUNDLE_IDENTIFIER = com.gregorhofmann.RegistrationDemoTests;
				PRODUCT_NAME = "$(TARGET_NAME)";
				SWIFT_EMIT_LOC_STRINGS = NO;
				SWIFT_VERSION = 5.0;
				TARGETED_DEVICE_FAMILY = "1,2";
				TEST_HOST = "$(BUILT_PRODUCTS_DIR)/RegistrationDemo.app/$(BUNDLE_EXECUTABLE_FOLDER_PATH)/RegistrationDemo";
			};
			name = Release;
		};
		F5F712892B2FB20500F3A028 /* Debug */ = {
			isa = XCBuildConfiguration;
			buildSettings = {
				ALWAYS_EMBED_SWIFT_STANDARD_LIBRARIES = YES;
				CODE_SIGN_STYLE = Automatic;
				CURRENT_PROJECT_VERSION = 1;
				DEVELOPMENT_TEAM = 8HY88RN47W;
				GENERATE_INFOPLIST_FILE = YES;
				MARKETING_VERSION = 1.0;
				PRODUCT_BUNDLE_IDENTIFIER = com.gregorhofmann.RegistrationDemoUITests;
				PRODUCT_NAME = "$(TARGET_NAME)";
				SWIFT_EMIT_LOC_STRINGS = NO;
				SWIFT_VERSION = 5.0;
				TARGETED_DEVICE_FAMILY = "1,2";
				TEST_TARGET_NAME = RegistrationDemo;
			};
			name = Debug;
		};
		F5F7128A2B2FB20500F3A028 /* Release */ = {
			isa = XCBuildConfiguration;
			buildSettings = {
				ALWAYS_EMBED_SWIFT_STANDARD_LIBRARIES = YES;
				CODE_SIGN_STYLE = Automatic;
				CURRENT_PROJECT_VERSION = 1;
				DEVELOPMENT_TEAM = 8HY88RN47W;
				GENERATE_INFOPLIST_FILE = YES;
				MARKETING_VERSION = 1.0;
				PRODUCT_BUNDLE_IDENTIFIER = com.gregorhofmann.RegistrationDemoUITests;
				PRODUCT_NAME = "$(TARGET_NAME)";
				SWIFT_EMIT_LOC_STRINGS = NO;
				SWIFT_VERSION = 5.0;
				TARGETED_DEVICE_FAMILY = "1,2";
				TEST_TARGET_NAME = RegistrationDemo;
			};
			name = Release;
		};
/* End XCBuildConfiguration section */

/* Begin XCConfigurationList section */
		F5F712592B2FB20500F3A028 /* Build configuration list for PBXProject "RegistrationDemo" */ = {
			isa = XCConfigurationList;
			buildConfigurations = (
				F5F712802B2FB20500F3A028 /* Debug */,
				F5F712812B2FB20500F3A028 /* Release */,
			);
			defaultConfigurationIsVisible = 0;
			defaultConfigurationName = Release;
		};
		F5F712822B2FB20500F3A028 /* Build configuration list for PBXNativeTarget "RegistrationDemo" */ = {
			isa = XCConfigurationList;
			buildConfigurations = (
				F5F712832B2FB20500F3A028 /* Debug */,
				F5F712842B2FB20500F3A028 /* Release */,
			);
			defaultConfigurationIsVisible = 0;
			defaultConfigurationName = Release;
		};
		F5F712852B2FB20500F3A028 /* Build configuration list for PBXNativeTarget "RegistrationDemoTests" */ = {
			isa = XCConfigurationList;
			buildConfigurations = (
				F5F712862B2FB20500F3A028 /* Debug */,
				F5F712872B2FB20500F3A028 /* Release */,
			);
			defaultConfigurationIsVisible = 0;
			defaultConfigurationName = Release;
		};
		F5F712882B2FB20500F3A028 /* Build configuration list for PBXNativeTarget "RegistrationDemoUITests" */ = {
			isa = XCConfigurationList;
			buildConfigurations = (
				F5F712892B2FB20500F3A028 /* Debug */,
				F5F7128A2B2FB20500F3A028 /* Release */,
			);
			defaultConfigurationIsVisible = 0;
			defaultConfigurationName = Release;
		};
/* End XCConfigurationList section */
	};
	rootObject = F5F712562B2FB20500F3A028 /* Project object */;
}
